
Microsoft Visual Studio Solution File, Format Version 12.00
# Visual Studio Version 16
VisualStudioVersion = 16.0.30104.148
MinimumVisualStudioVersion = 10.0.40219.1
Project("{FAE04EC0-301F-11D3-BF4B-00C04F79EFBC}") = "RhusDev", "RhusDev\RhusDev.csproj", "{D71AF3FE-3546-4E65-A5BB-F20B601B82CC}"
EndProject
Global
	GlobalSection(SolutionConfigurationPlatforms) = preSolution
		Debug|Any CPU = Debug|Any CPU
		Release|Any CPU = Release|Any CPU
	EndGlobalSection
	GlobalSection(ProjectConfigurationPlatforms) = postSolution
		{D71AF3FE-3546-4E65-A5BB-F20B601B82CC}.Debug|Any CPU.ActiveCfg = Debug|Any CPU
		{D71AF3FE-3546-4E65-A5BB-F20B601B82CC}.Debug|Any CPU.Build.0 = Debug|Any CPU
		{D71AF3FE-3546-4E65-A5BB-F20B601B82CC}.Release|Any CPU.ActiveCfg = Release|Any CPU
		{D71AF3FE-3546-4E65-A5BB-F20B601B82CC}.Release|Any CPU.Build.0 = Release|Any CPU
	EndGlobalSection
	GlobalSection(SolutionProperties) = preSolution
		HideSolutionNode = FALSE
	EndGlobalSection
	GlobalSection(ExtensibilityGlobals) = postSolution
		SolutionGuid = {E69A7DCC-04FB-4F22-B1D9-3044995D4CC6}
	EndGlobalSection
EndGlobal
